<Solution>
  <Project Path="01_MainSubjects/01_MainSubjects.csproj" Id="2a3edc6b-5d64-48f0-bf53-7e4875684f23" />
  <Project Path="02_Variables/02_Variables.csproj" Id="f6eec09c-44be-4d3b-b2b7-c319d223d4bf" />
  <Project Path="03_MakingDecision/03_MakingDecision.csproj" Id="ec397441-e058-4d57-8a31-cc2f0b7d7bfd" />
</Solution>
